
Microsoft Visual Studio Solution File, Format Version 12.00
# Visual Studio Version 16
VisualStudioVersion = 16.0.28729.10
MinimumVisualStudioVersion = 10.0.40219.1
Project("{9A19103F-16F7-4668-BE54-9A1E7A4F7556}") = "EightQueens", "EightQueen\EightQueens.csproj", "{24B5BF56-93C6-42D0-9705-BB58C57321AD}"
EndProject
Global
	GlobalSection(SolutionConfigurationPlatforms) = preSolution
		Debug|Any CPU = Debug|Any CPU
		Release|Any CPU = Release|Any CPU
	EndGlobalSection
	GlobalSection(ProjectConfigurationPlatforms) = postSolution
		{24B5BF56-93C6-42D0-9705-BB58C57321AD}.Debug|Any CPU.ActiveCfg = Debug|Any CPU
		{24B5BF56-93C6-42D0-9705-BB58C57321AD}.Debug|Any CPU.Build.0 = Debug|Any CPU
		{24B5BF56-93C6-42D0-9705-BB58C57321AD}.Release|Any CPU.ActiveCfg = Release|Any CPU
		{24B5BF56-93C6-42D0-9705-BB58C57321AD}.Release|Any CPU.Build.0 = Release|Any CPU
	EndGlobalSection
	GlobalSection(SolutionProperties) = preSolution
		HideSolutionNode = FALSE
	EndGlobalSection
	GlobalSection(ExtensibilityGlobals) = postSolution
		SolutionGuid = {1DC597F3-D122-4CB1-A135-998B7B174FD0}
	EndGlobalSection
EndGlobal
